
Microsoft Visual Studio Solution File, Format Version 12.00
# Visual Studio Version 16
VisualStudioVersion = 16.0.29306.81
MinimumVisualStudioVersion = 10.0.40219.1
Project("{FAE04EC0-301F-11D3-BF4B-00C04F79EFBC}") = "EntryProcess", "EntryProcess\EntryProcess.csproj", "{10ED0A93-875E-4A3B-955E-30B898F0D468}"
EndProject
Project("{FAE04EC0-301F-11D3-BF4B-00C04F79EFBC}") = "BaseDAL", "CSharpUnityBaseBL\BaseDAL.csproj", "{F9065FE4-C31B-4E7B-93D5-6A1B10352589}"
EndProject
Project("{FAE04EC0-301F-11D3-BF4B-00C04F79EFBC}") = "SqlServerDAL", "FirstBL\SqlServerDAL.csproj", "{D895B8FE-3EB4-457C-93AE-0E7DB0F1C05D}"
EndProject
Project("{FAE04EC0-301F-11D3-BF4B-00C04F79EFBC}") = "MySqlDAL", "SecondBL\MySqlDAL.csproj", "{15583BBE-02D8-4D60-BE2A-E146B6EE6912}"
EndProject
Global
	GlobalSection(SolutionConfigurationPlatforms) = preSolution
		Debug|Any CPU = Debug|Any CPU
		Debug|ARM = Debug|ARM
		Debug|ARM64 = Debug|ARM64
		Debug|x64 = Debug|x64
		Debug|x86 = Debug|x86
		Release|Any CPU = Release|Any CPU
		Release|ARM = Release|ARM
		Release|ARM64 = Release|ARM64
		Release|x64 = Release|x64
		Release|x86 = Release|x86
	EndGlobalSection
	GlobalSection(ProjectConfigurationPlatforms) = postSolution
		{10ED0A93-875E-4A3B-955E-30B898F0D468}.Debug|Any CPU.ActiveCfg = Debug|Any CPU
		{10ED0A93-875E-4A3B-955E-30B898F0D468}.Debug|Any CPU.Build.0 = Debug|Any CPU
		{10ED0A93-875E-4A3B-955E-30B898F0D468}.Debug|ARM.ActiveCfg = Debug|Any CPU
		{10ED0A93-875E-4A3B-955E-30B898F0D468}.Debug|ARM.Build.0 = Debug|Any CPU
		{10ED0A93-875E-4A3B-955E-30B898F0D468}.Debug|ARM64.ActiveCfg = Debug|Any CPU
		{10ED0A93-875E-4A3B-955E-30B898F0D468}.Debug|ARM64.Build.0 = Debug|Any CPU
		{10ED0A93-875E-4A3B-955E-30B898F0D468}.Debug|x64.ActiveCfg = Debug|Any CPU
		{10ED0A93-875E-4A3B-955E-30B898F0D468}.Debug|x64.Build.0 = Debug|Any CPU
		{10ED0A93-875E-4A3B-955E-30B898F0D468}.Debug|x86.ActiveCfg = Debug|Any CPU
		{10ED0A93-875E-4A3B-955E-30B898F0D468}.Debug|x86.Build.0 = Debug|Any CPU
		{10ED0A93-875E-4A3B-955E-30B898F0D468}.Release|Any CPU.ActiveCfg = Release|Any CPU
		{10ED0A93-875E-4A3B-955E-30B898F0D468}.Release|Any CPU.Build.0 = Release|Any CPU
		{10ED0A93-875E-4A3B-955E-30B898F0D468}.Release|ARM.ActiveCfg = Release|Any CPU
		{10ED0A93-875E-4A3B-955E-30B898F0D468}.Release|ARM.Build.0 = Release|Any CPU
		{10ED0A93-875E-4A3B-955E-30B898F0D468}.Release|ARM64.ActiveCfg = Release|Any CPU
		{10ED0A93-875E-4A3B-955E-30B898F0D468}.Release|ARM64.Build.0 = Release|Any CPU
		{10ED0A93-875E-4A3B-955E-30B898F0D468}.Release|x64.ActiveCfg = Release|Any CPU
		{10ED0A93-875E-4A3B-955E-30B898F0D468}.Release|x64.Build.0 = Release|Any CPU
		{10ED0A93-875E-4A3B-955E-30B898F0D468}.Release|x86.ActiveCfg = Release|Any CPU
		{10ED0A93-875E-4A3B-955E-30B898F0D468}.Release|x86.Build.0 = Release|Any CPU
		{F9065FE4-C31B-4E7B-93D5-6A1B10352589}.Debug|Any CPU.ActiveCfg = Debug|Any CPU
		{F9065FE4-C31B-4E7B-93D5-6A1B10352589}.Debug|Any CPU.Build.0 = Debug|Any CPU
		{F9065FE4-C31B-4E7B-93D5-6A1B10352589}.Debug|ARM.ActiveCfg = Debug|ARM
		{F9065FE4-C31B-4E7B-93D5-6A1B10352589}.Debug|ARM.Build.0 = Debug|ARM
		{F9065FE4-C31B-4E7B-93D5-6A1B10352589}.Debug|ARM64.ActiveCfg = Debug|ARM64
		{F9065FE4-C31B-4E7B-93D5-6A1B10352589}.Debug|ARM64.Build.0 = Debug|ARM64
		{F9065FE4-C31B-4E7B-93D5-6A1B10352589}.Debug|x64.ActiveCfg = Debug|x64
		{F9065FE4-C31B-4E7B-93D5-6A1B10352589}.Debug|x64.Build.0 = Debug|x64
		{F9065FE4-C31B-4E7B-93D5-6A1B10352589}.Debug|x86.ActiveCfg = Debug|x86
		{F9065FE4-C31B-4E7B-93D5-6A1B10352589}.Debug|x86.Build.0 = Debug|x86
		{F9065FE4-C31B-4E7B-93D5-6A1B10352589}.Release|Any CPU.ActiveCfg = Release|Any CPU
		{F9065FE4-C31B-4E7B-93D5-6A1B10352589}.Release|Any CPU.Build.0 = Release|Any CPU
		{F9065FE4-C31B-4E7B-93D5-6A1B10352589}.Release|ARM.ActiveCfg = Release|ARM
		{F9065FE4-C31B-4E7B-93D5-6A1B10352589}.Release|ARM.Build.0 = Release|ARM
		{F9065FE4-C31B-4E7B-93D5-6A1B10352589}.Release|ARM64.ActiveCfg = Release|ARM64
		{F9065FE4-C31B-4E7B-93D5-6A1B10352589}.Release|ARM64.Build.0 = Release|ARM64
		{F9065FE4-C31B-4E7B-93D5-6A1B10352589}.Release|x64.ActiveCfg = Release|x64
		{F9065FE4-C31B-4E7B-93D5-6A1B10352589}.Release|x64.Build.0 = Release|x64
		{F9065FE4-C31B-4E7B-93D5-6A1B10352589}.Release|x86.ActiveCfg = Release|x86
		{F9065FE4-C31B-4E7B-93D5-6A1B10352589}.Release|x86.Build.0 = Release|x86
		{D895B8FE-3EB4-457C-93AE-0E7DB0F1C05D}.Debug|Any CPU.ActiveCfg = Debug|Any CPU
		{D895B8FE-3EB4-457C-93AE-0E7DB0F1C05D}.Debug|Any CPU.Build.0 = Debug|Any CPU
		{D895B8FE-3EB4-457C-93AE-0E7DB0F1C05D}.Debug|ARM.ActiveCfg = Debug|ARM
		{D895B8FE-3EB4-457C-93AE-0E7DB0F1C05D}.Debug|ARM.Build.0 = Debug|ARM
		{D895B8FE-3EB4-457C-93AE-0E7DB0F1C05D}.Debug|ARM64.ActiveCfg = Debug|ARM64
		{D895B8FE-3EB4-457C-93AE-0E7DB0F1C05D}.Debug|ARM64.Build.0 = Debug|ARM64
		{D895B8FE-3EB4-457C-93AE-0E7DB0F1C05D}.Debug|x64.ActiveCfg = Debug|x64
		{D895B8FE-3EB4-457C-93AE-0E7DB0F1C05D}.Debug|x64.Build.0 = Debug|x64
		{D895B8FE-3EB4-457C-93AE-0E7DB0F1C05D}.Debug|x86.ActiveCfg = Debug|x86
		{D895B8FE-3EB4-457C-93AE-0E7DB0F1C05D}.Debug|x86.Build.0 = Debug|x86
		{D895B8FE-3EB4-457C-93AE-0E7DB0F1C05D}.Release|Any CPU.ActiveCfg = Release|Any CPU
		{D895B8FE-3EB4-457C-93AE-0E7DB0F1C05D}.Release|Any CPU.Build.0 = Release|Any CPU
		{D895B8FE-3EB4-457C-93AE-0E7DB0F1C05D}.Release|ARM.ActiveCfg = Release|ARM
		{D895B8FE-3EB4-457C-93AE-0E7DB0F1C05D}.Release|ARM.Build.0 = Release|ARM
		{D895B8FE-3EB4-457C-93AE-0E7DB0F1C05D}.Release|ARM64.ActiveCfg = Release|ARM64
		{D895B8FE-3EB4-457C-93AE-0E7DB0F1C05D}.Release|ARM64.Build.0 = Release|ARM64
		{D895B8FE-3EB4-457C-93AE-0E7DB0F1C05D}.Release|x64.ActiveCfg = Release|x64
		{D895B8FE-3EB4-457C-93AE-0E7DB0F1C05D}.Release|x64.Build.0 = Release|x64
		{D895B8FE-3EB4-457C-93AE-0E7DB0F1C05D}.Release|x86.ActiveCfg = Release|x86
		{D895B8FE-3EB4-457C-93AE-0E7DB0F1C05D}.Release|x86.Build.0 = Release|x86
		{15583BBE-02D8-4D60-BE2A-E146B6EE6912}.Debug|Any CPU.ActiveCfg = Debug|Any CPU
		{15583BBE-02D8-4D60-BE2A-E146B6EE6912}.Debug|Any CPU.Build.0 = Debug|Any CPU
		{15583BBE-02D8-4D60-BE2A-E146B6EE6912}.Debug|ARM.ActiveCfg = Debug|ARM
		{15583BBE-02D8-4D60-BE2A-E146B6EE6912}.Debug|ARM.Build.0 = Debug|ARM
		{15583BBE-02D8-4D60-BE2A-E146B6EE6912}.Debug|ARM64.ActiveCfg = Debug|ARM64
		{15583BBE-02D8-4D60-BE2A-E146B6EE6912}.Debug|ARM64.Build.0 = Debug|ARM64
		{15583BBE-02D8-4D60-BE2A-E146B6EE6912}.Debug|x64.ActiveCfg = Debug|x64
		{15583BBE-02D8-4D60-BE2A-E146B6EE6912}.Debug|x64.Build.0 = Debug|x64
		{15583BBE-02D8-4D60-BE2A-E146B6EE6912}.Debug|x86.ActiveCfg = Debug|x86
		{15583BBE-02D8-4D60-BE2A-E146B6EE6912}.Debug|x86.Build.0 = Debug|x86
		{15583BBE-02D8-4D60-BE2A-E146B6EE6912}.Release|Any CPU.ActiveCfg = Release|Any CPU
		{15583BBE-02D8-4D60-BE2A-E146B6EE6912}.Release|Any CPU.Build.0 = Release|Any CPU
		{15583BBE-02D8-4D60-BE2A-E146B6EE6912}.Release|ARM.ActiveCfg = Release|ARM
		{15583BBE-02D8-4D60-BE2A-E146B6EE6912}.Release|ARM.Build.0 = Release|ARM
		{15583BBE-02D8-4D60-BE2A-E146B6EE6912}.Release|ARM64.ActiveCfg = Release|ARM64
		{15583BBE-02D8-4D60-BE2A-E146B6EE6912}.Release|ARM64.Build.0 = Release|ARM64
		{15583BBE-02D8-4D60-BE2A-E146B6EE6912}.Release|x64.ActiveCfg = Release|x64
		{15583BBE-02D8-4D60-BE2A-E146B6EE6912}.Release|x64.Build.0 = Release|x64
		{15583BBE-02D8-4D60-BE2A-E146B6EE6912}.Release|x86.ActiveCfg = Release|x86
		{15583BBE-02D8-4D60-BE2A-E146B6EE6912}.Release|x86.Build.0 = Release|x86
	EndGlobalSection
	GlobalSection(SolutionProperties) = preSolution
		HideSolutionNode = FALSE
	EndGlobalSection
	GlobalSection(ExtensibilityGlobals) = postSolution
		SolutionGuid = {D772AC30-A3DA-48B4-B4D0-03EDA727B5EB}
	EndGlobalSection
EndGlobal
